
Microsoft Visual Studio Solution File, Format Version 12.00
# Visual Studio Version 17
VisualStudioVersion = 17.3.32929.385
MinimumVisualStudioVersion = 10.0.40219.1
Project("{FAE04EC0-301F-11D3-BF4B-00C04F79EFBC}") = "AP_Lab_05_2", "AP_Lab_05_2\AP_Lab_05_2.csproj", "{ADB3BC02-7F15-4BDD-BDCD-F3FE749F6391}"
EndProject
Project("{FAE04EC0-301F-11D3-BF4B-00C04F79EFBC}") = "AP_Lab_05_2_UT", "AP_Lab_05_2_UT\AP_Lab_05_2_UT.csproj", "{27A8AEA5-9802-41B9-A073-0B2261C0E9CF}"
EndProject
Global
	GlobalSection(SolutionConfigurationPlatforms) = preSolution
		Debug|Any CPU = Debug|Any CPU
		Release|Any CPU = Release|Any CPU
	EndGlobalSection
	GlobalSection(ProjectConfigurationPlatforms) = postSolution
		{ADB3BC02-7F15-4BDD-BDCD-F3FE749F6391}.Debug|Any CPU.ActiveCfg = Debug|Any CPU
		{ADB3BC02-7F15-4BDD-BDCD-F3FE749F6391}.Debug|Any CPU.Build.0 = Debug|Any CPU
		{ADB3BC02-7F15-4BDD-BDCD-F3FE749F6391}.Release|Any CPU.ActiveCfg = Release|Any CPU
		{ADB3BC02-7F15-4BDD-BDCD-F3FE749F6391}.Release|Any CPU.Build.0 = Release|Any CPU
		{27A8AEA5-9802-41B9-A073-0B2261C0E9CF}.Debug|Any CPU.ActiveCfg = Debug|Any CPU
		{27A8AEA5-9802-41B9-A073-0B2261C0E9CF}.Debug|Any CPU.Build.0 = Debug|Any CPU
		{27A8AEA5-9802-41B9-A073-0B2261C0E9CF}.Release|Any CPU.ActiveCfg = Release|Any CPU
		{27A8AEA5-9802-41B9-A073-0B2261C0E9CF}.Release|Any CPU.Build.0 = Release|Any CPU
	EndGlobalSection
	GlobalSection(SolutionProperties) = preSolution
		HideSolutionNode = FALSE
	EndGlobalSection
	GlobalSection(ExtensibilityGlobals) = postSolution
		SolutionGuid = {0FAEA663-7D4D-473A-9DB6-25882858F6A7}
	EndGlobalSection
EndGlobal
